// !$*UTF8*$!
{
	archiveVersion = 1;
	classes = {
	};
	objectVersion = 46;
	objects = {

/* Begin PBXBuildFile section */
		F691ACFB15BD3EEA00660930 /* UIKit.framework in Frameworks */ = {isa = PBXBuildFile; fileRef = F691ACFA15BD3EEA00660930 /* UIKit.framework */; };
		F691ACFD15BD3EEA00660930 /* Foundation.framework in Frameworks */ = {isa = PBXBuildFile; fileRef = F691ACFC15BD3EEA00660930 /* Foundation.framework */; };
		F691ACFF15BD3EEA00660930 /* CoreGraphics.framework in Frameworks */ = {isa = PBXBuildFile; fileRef = F691ACFE15BD3EEA00660930 /* CoreGraphics.framework */; };
		F691AD0515BD3EEA00660930 /* InfoPlist.strings in Resources */ = {isa = PBXBuildFile; fileRef = F691AD0315BD3EEA00660930 /* InfoPlist.strings */; };
		F691AD0715BD3EEA00660930 /* main.m in Sources */ = {isa = PBXBuildFile; fileRef = F691AD0615BD3EEA00660930 /* main.m */; };
		F691AD0B15BD3EEA00660930 /* WeiQiAppDelegate.m in Sources */ = {isa = PBXBuildFile; fileRef = F691AD0A15BD3EEA00660930 /* WeiQiAppDelegate.m */; };
		F691AD0E15BD3EEA00660930 /* MainStoryboard.storyboard in Resources */ = {isa = PBXBuildFile; fileRef = F691AD0C15BD3EEA00660930 /* MainStoryboard.storyboard */; };
		F691AD1115BD3EEA00660930 /* WeiQiViewController.m in Sources */ = {isa = PBXBuildFile; fileRef = F691AD1015BD3EEA00660930 /* WeiQiViewController.m */; };
		F691AD1C15BD418B00660930 /* BoardView.m in Sources */ = {isa = PBXBuildFile; fileRef = F691AD1B15BD418B00660930 /* BoardView.m */; };
		F693029A15C27A0800720BF7 /* WeiQiBrain.m in Sources */ = {isa = PBXBuildFile; fileRef = F693029915C27A0800720BF7 /* WeiQiBrain.m */; };
/* End PBXBuildFile section */

/* Begin PBXFileReference section */
		F691ACF615BD3EEA00660930 /* WeiQi.app */ = {isa = PBXFileReference; explicitFileType = wrapper.application; includeInIndex = 0; path = WeiQi.app; sourceTree = BUILT_PRODUCTS_DIR; };
		F691ACFA15BD3EEA00660930 /* UIKit.framework */ = {isa = PBXFileReference; lastKnownFileType = wrapper.framework; name = UIKit.framework; path = System/Library/Frameworks/UIKit.framework; sourceTree = SDKROOT; };
		F691ACFC15BD3EEA00660930 /* Foundation.framework */ = {isa = PBXFileReference; lastKnownFileType = wrapper.framework; name = Foundation.framework; path = System/Library/Frameworks/Foundation.framework; sourceTree = SDKROOT; };
		F691ACFE15BD3EEA00660930 /* CoreGraphics.framework */ = {isa = PBXFileReference; lastKnownFileType = wrapper.framework; name = CoreGraphics.framework; path = System/Library/Frameworks/CoreGraphics.framework; sourceTree = SDKROOT; };
		F691AD0215BD3EEA00660930 /* WeiQi-Info.plist */ = {isa = PBXFileReference; lastKnownFileType = text.plist.xml; path = "WeiQi-Info.plist"; sourceTree = "<group>"; };
		F691AD0415BD3EEA00660930 /* en */ = {isa = PBXFileReference; lastKnownFileType = text.plist.strings; name = en; path = en.lproj/InfoPlist.strings; sourceTree = "<group>"; };
		F691AD0615BD3EEA00660930 /* main.m */ = {isa = PBXFileReference; lastKnownFileType = sourcecode.c.objc; path = main.m; sourceTree = "<group>"; };
		F691AD0815BD3EEA00660930 /* WeiQi-Prefix.pch */ = {isa = PBXFileReference; lastKnownFileType = sourcecode.c.h; path = "WeiQi-Prefix.pch"; sourceTree = "<group>"; };
		F691AD0915BD3EEA00660930 /* WeiQiAppDelegate.h */ = {isa = PBXFileReference; lastKnownFileType = sourcecode.c.h; path = WeiQiAppDelegate.h; sourceTree = "<group>"; };
		F691AD0A15BD3EEA00660930 /* WeiQiAppDelegate.m */ = {isa = PBXFileReference; lastKnownFileType = sourcecode.c.objc; path = WeiQiAppDelegate.m; sourceTree = "<group>"; };
		F691AD0D15BD3EEA00660930 /* en */ = {isa = PBXFileReference; lastKnownFileType = file.storyboard; name = en; path = en.lproj/MainStoryboard.storyboard; sourceTree = "<group>"; };
		F691AD0F15BD3EEA00660930 /* WeiQiViewController.h */ = {isa = PBXFileReference; lastKnownFileType = sourcecode.c.h; path = WeiQiViewController.h; sourceTree = "<group>"; };
		F691AD1015BD3EEA00660930 /* WeiQiViewController.m */ = {isa = PBXFileReference; lastKnownFileType = sourcecode.c.objc; path = WeiQiViewController.m; sourceTree = "<group>"; };
		F691AD1A15BD418B00660930 /* BoardView.h */ = {isa = PBXFileReference; fileEncoding = 4; lastKnownFileType = sourcecode.c.h; name = BoardView.h; path = ../BoardView.h; sourceTree = "<group>"; };
		F691AD1B15BD418B00660930 /* BoardView.m */ = {isa = PBXFileReference; fileEncoding = 4; lastKnownFileType = sourcecode.c.objc; name = BoardView.m; path = ../BoardView.m; sourceTree = "<group>"; };
		F693029815C27A0800720BF7 /* WeiQiBrain.h */ = {isa = PBXFileReference; fileEncoding = 4; lastKnownFileType = sourcecode.c.h; path = WeiQiBrain.h; sourceTree = "<group>"; };
		F693029915C27A0800720BF7 /* WeiQiBrain.m */ = {isa = PBXFileReference; fileEncoding = 4; lastKnownFileType = sourcecode.c.objc; path = WeiQiBrain.m; sourceTree = "<group>"; };
/* End PBXFileReference section */

/* Begin PBXFrameworksBuildPhase section */
		F691ACF315BD3EEA00660930 /* Frameworks */ = {
			isa = PBXFrameworksBuildPhase;
			buildActionMask = 2147483647;
			files = (
				F691ACFB15BD3EEA00660930 /* UIKit.framework in Frameworks */,
				F691ACFD15BD3EEA00660930 /* Foundation.framework in Frameworks */,
				F691ACFF15BD3EEA00660930 /* CoreGraphics.framework in Frameworks */,
			);
			runOnlyForDeploymentPostprocessing = 0;
		};
/* End PBXFrameworksBuildPhase section */

/* Begin PBXGroup section */
		F691ACEB15BD3EEA00660930 = {
			isa = PBXGroup;
			children = (
				F691AD0015BD3EEA00660930 /* WeiQi */,
				F691ACF915BD3EEA00660930 /* Frameworks */,
				F691ACF715BD3EEA00660930 /* Products */,
			);
			sourceTree = "<group>";
		};
		F691ACF715BD3EEA00660930 /* Products */ = {
			isa = PBXGroup;
			children = (
				F691ACF615BD3EEA00660930 /* WeiQi.app */,
			);
			name = Products;
			sourceTree = "<group>";
		};
		F691ACF915BD3EEA00660930 /* Frameworks */ = {
			isa = PBXGroup;
			children = (
				F691ACFA15BD3EEA00660930 /* UIKit.framework */,
				F691ACFC15BD3EEA00660930 /* Foundation.framework */,
				F691ACFE15BD3EEA00660930 /* CoreGraphics.framework */,
			);
			name = Frameworks;
			sourceTree = "<group>";
		};
		F691AD0015BD3EEA00660930 /* WeiQi */ = {
			isa = PBXGroup;
			children = (
				F691AD0C15BD3EEA00660930 /* MainStoryboard.storyboard */,
				F691AD0F15BD3EEA00660930 /* WeiQiViewController.h */,
				F691AD1015BD3EEA00660930 /* WeiQiViewController.m */,
				F693029815C27A0800720BF7 /* WeiQiBrain.h */,
				F693029915C27A0800720BF7 /* WeiQiBrain.m */,
				F691AD1A15BD418B00660930 /* BoardView.h */,
				F691AD1B15BD418B00660930 /* BoardView.m */,
				F691AD0115BD3EEA00660930 /* Supporting Files */,
			);
			path = WeiQi;
			sourceTree = "<group>";
		};
		F691AD0115BD3EEA00660930 /* Supporting Files */ = {
			isa = PBXGroup;
			children = (
				F691AD0915BD3EEA00660930 /* WeiQiAppDelegate.h */,
				F691AD0A15BD3EEA00660930 /* WeiQiAppDelegate.m */,
				F691AD0215BD3EEA00660930 /* WeiQi-Info.plist */,
				F691AD0315BD3EEA00660930 /* InfoPlist.strings */,
				F691AD0615BD3EEA00660930 /* main.m */,
				F691AD0815BD3EEA00660930 /* WeiQi-Prefix.pch */,
			);
			name = "Supporting Files";
			sourceTree = "<group>";
		};
/* End PBXGroup section */

/* Begin PBXNativeTarget section */
		F691ACF515BD3EEA00660930 /* WeiQi */ = {
			isa = PBXNativeTarget;
			buildConfigurationList = F691AD1415BD3EEA00660930 /* Build configuration list for PBXNativeTarget "WeiQi" */;
			buildPhases = (
				F691ACF215BD3EEA00660930 /* Sources */,
				F691ACF315BD3EEA00660930 /* Frameworks */,
				F691ACF415BD3EEA00660930 /* Resources */,
			);
			buildRules = (
			);
			dependencies = (
			);
			name = WeiQi;
			productName = WeiQi;
			productReference = F691ACF615BD3EEA00660930 /* WeiQi.app */;
			productType = "com.apple.product-type.application";
		};
/* End PBXNativeTarget section */

/* Begin PBXProject section */
		F691ACED15BD3EEA00660930 /* Project object */ = {
			isa = PBXProject;
			attributes = {
				CLASSPREFIX = WeiQi;
				LastUpgradeCheck = 0430;
			};
			buildConfigurationList = F691ACF015BD3EEA00660930 /* Build configuration list for PBXProject "WeiQi" */;
			compatibilityVersion = "Xcode 3.2";
			developmentRegion = English;
			hasScannedForEncodings = 0;
			knownRegions = (
				en,
			);
			mainGroup = F691ACEB15BD3EEA00660930;
			productRefGroup = F691ACF715BD3EEA00660930 /* Products */;
			projectDirPath = "";
			projectRoot = "";
			targets = (
				F691ACF515BD3EEA00660930 /* WeiQi */,
			);
		};
/* End PBXProject section */

/* Begin PBXResourcesBuildPhase section */
		F691ACF415BD3EEA00660930 /* Resources */ = {
			isa = PBXResourcesBuildPhase;
			buildActionMask = 2147483647;
			files = (
				F691AD0515BD3EEA00660930 /* InfoPlist.strings in Resources */,
				F691AD0E15BD3EEA00660930 /* MainStoryboard.storyboard in Resources */,
			);
			runOnlyForDeploymentPostprocessing = 0;
		};
/* End PBXResourcesBuildPhase section */

/* Begin PBXSourcesBuildPhase section */
		F691ACF215BD3EEA00660930 /* Sources */ = {
			isa = PBXSourcesBuildPhase;
			buildActionMask = 2147483647;
			files = (
				F691AD0715BD3EEA00660930 /* main.m in Sources */,
				F691AD0B15BD3EEA00660930 /* WeiQiAppDelegate.m in Sources */,
				F691AD1115BD3EEA00660930 /* WeiQiViewController.m in Sources */,
				F691AD1C15BD418B00660930 /* BoardView.m in Sources */,
				F693029A15C27A0800720BF7 /* WeiQiBrain.m in Sources */,
			);
			runOnlyForDeploymentPostprocessing = 0;
		};
/* End PBXSourcesBuildPhase section */

/* Begin PBXVariantGroup section */
		F691AD0315BD3EEA00660930 /* InfoPlist.strings */ = {
			isa = PBXVariantGroup;
			children = (
				F691AD0415BD3EEA00660930 /* en */,
			);
			name = InfoPlist.strings;
			sourceTree = "<group>";
		};
		F691AD0C15BD3EEA00660930 /* MainStoryboard.storyboard */ = {
			isa = PBXVariantGroup;
			children = (
				F691AD0D15BD3EEA00660930 /* en */,
			);
			name = MainStoryboard.storyboard;
			sourceTree = "<group>";
		};
/* End PBXVariantGroup section */

/* Begin XCBuildConfiguration section */
		F691AD1215BD3EEA00660930 /* Debug */ = {
			isa = XCBuildConfiguration;
			buildSettings = {
				ALWAYS_SEARCH_USER_PATHS = NO;
				ARCHS = "$(ARCHS_STANDARD_32_BIT)";
				CLANG_ENABLE_OBJC_ARC = YES;
				CODE_SIGN_IDENTITY = "iPhone Developer";
				"CODE_SIGN_IDENTITY[sdk=iphoneos*]" = "iPhone Developer";
				COPY_PHASE_STRIP = NO;
				GCC_C_LANGUAGE_STANDARD = gnu99;
				GCC_DYNAMIC_NO_PIC = NO;
				GCC_OPTIMIZATION_LEVEL = 0;
				GCC_PREPROCESSOR_DEFINITIONS = (
					"DEBUG=1",
					"$(inherited)",
				);
				GCC_SYMBOLS_PRIVATE_EXTERN = NO;
				GCC_VERSION = com.apple.compilers.llvm.clang.1_0;
				GCC_WARN_ABOUT_RETURN_TYPE = YES;
				GCC_WARN_UNINITIALIZED_AUTOS = YES;
				GCC_WARN_UNUSED_VARIABLE = YES;
				IPHONEOS_DEPLOYMENT_TARGET = 5.1;
				PROVISIONING_PROFILE = "";
				SDKROOT = iphoneos;
				TARGETED_DEVICE_FAMILY = 2;
			};
			name = Debug;
		};
		F691AD1315BD3EEA00660930 /* Release */ = {
			isa = XCBuildConfiguration;
			buildSettings = {
				ALWAYS_SEARCH_USER_PATHS = NO;
				ARCHS = "$(ARCHS_STANDARD_32_BIT)";
				CLANG_ENABLE_OBJC_ARC = YES;
				CODE_SIGN_IDENTITY = "iPhone Developer";
				"CODE_SIGN_IDENTITY[sdk=iphoneos*]" = "iPhone Developer";
				COPY_PHASE_STRIP = YES;
				GCC_C_LANGUAGE_STANDARD = gnu99;
				GCC_VERSION = com.apple.compilers.llvm.clang.1_0;
				GCC_WARN_ABOUT_RETURN_TYPE = YES;
				GCC_WARN_UNINITIALIZED_AUTOS = YES;
				GCC_WARN_UNUSED_VARIABLE = YES;
				IPHONEOS_DEPLOYMENT_TARGET = 5.1;
				OTHER_CFLAGS = "-DNS_BLOCK_ASSERTIONS=1";
				PROVISIONING_PROFILE = "";
				SDKROOT = iphoneos;
				TARGETED_DEVICE_FAMILY = 2;
				VALIDATE_PRODUCT = YES;
			};
			name = Release;
		};
		F691AD1515BD3EEA00660930 /* Debug */ = {
			isa = XCBuildConfiguration;
			buildSettings = {
				GCC_PRECOMPILE_PREFIX_HEADER = YES;
				GCC_PREFIX_HEADER = "WeiQi/WeiQi-Prefix.pch";
				INFOPLIST_FILE = "WeiQi/WeiQi-Info.plist";
				PRODUCT_NAME = "$(TARGET_NAME)";
				WRAPPER_EXTENSION = app;
			};
			name = Debug;
		};
		F691AD1615BD3EEA00660930 /* Release */ = {
			isa = XCBuildConfiguration;
			buildSettings = {
				GCC_PRECOMPILE_PREFIX_HEADER = YES;
				GCC_PREFIX_HEADER = "WeiQi/WeiQi-Prefix.pch";
				INFOPLIST_FILE = "WeiQi/WeiQi-Info.plist";
				PRODUCT_NAME = "$(TARGET_NAME)";
				WRAPPER_EXTENSION = app;
			};
			name = Release;
		};
/* End XCBuildConfiguration section */

/* Begin XCConfigurationList section */
		F691ACF015BD3EEA00660930 /* Build configuration list for PBXProject "WeiQi" */ = {
			isa = XCConfigurationList;
			buildConfigurations = (
				F691AD1215BD3EEA00660930 /* Debug */,
				F691AD1315BD3EEA00660930 /* Release */,
			);
			defaultConfigurationIsVisible = 0;
			defaultConfigurationName = Release;
		};
		F691AD1415BD3EEA00660930 /* Build configuration list for PBXNativeTarget "WeiQi" */ = {
			isa = XCConfigurationList;
			buildConfigurations = (
				F691AD1515BD3EEA00660930 /* Debug */,
				F691AD1615BD3EEA00660930 /* Release */,
			);
			defaultConfigurationIsVisible = 0;
			defaultConfigurationName = Release;
		};
/* End XCConfigurationList section */
	};
	rootObject = F691ACED15BD3EEA00660930 /* Project object */;
}
