// !$*UTF8*$!
{
	archiveVersion = 1;
	classes = {
	};
	objectVersion = 46;
	objects = {

/* Begin PBXFileReference section */
		F6FD522315D91E25008E5602 /* File.cpp */ = {isa = PBXFileReference; lastKnownFileType = sourcecode.cpp.cpp; path = File.cpp; sourceTree = "<group>"; };
/* End PBXFileReference section */

/* Begin PBXGroup section */
		F6FD521A15D91E0A008E5602 = {
			isa = PBXGroup;
			children = (
				F6FD522315D91E25008E5602 /* File.cpp */,
			);
			sourceTree = "<group>";
		};
/* End PBXGroup section */

/* Begin PBXProject section */
		F6FD521C15D91E0A008E5602 /* Project object */ = {
			isa = PBXProject;
			attributes = {
				LastUpgradeCheck = 0430;
			};
			buildConfigurationList = F6FD521F15D91E0A008E5602 /* Build configuration list for PBXProject "testC++" */;
			compatibilityVersion = "Xcode 3.2";
			developmentRegion = English;
			hasScannedForEncodings = 0;
			knownRegions = (
				en,
			);
			mainGroup = F6FD521A15D91E0A008E5602;
			projectDirPath = "";
			projectRoot = "";
			targets = (
			);
		};
/* End PBXProject section */

/* Begin XCBuildConfiguration section */
		F6FD522115D91E0A008E5602 /* Debug */ = {
			isa = XCBuildConfiguration;
			buildSettings = {
			};
			name = Debug;
		};
		F6FD522215D91E0A008E5602 /* Release */ = {
			isa = XCBuildConfiguration;
			buildSettings = {
			};
			name = Release;
		};
/* End XCBuildConfiguration section */

/* Begin XCConfigurationList section */
		F6FD521F15D91E0A008E5602 /* Build configuration list for PBXProject "testC++" */ = {
			isa = XCConfigurationList;
			buildConfigurations = (
				F6FD522115D91E0A008E5602 /* Debug */,
				F6FD522215D91E0A008E5602 /* Release */,
			);
			defaultConfigurationIsVisible = 0;
			defaultConfigurationName = Release;
		};
/* End XCConfigurationList section */
	};
	rootObject = F6FD521C15D91E0A008E5602 /* Project object */;
}
