// !$*UTF8*$!
{
	archiveVersion = 1;
	classes = {
	};
	objectVersion = 46;
	objects = {

/* Begin PBXBuildFile section */
		F6931D7515CBB157008FC4F7 /* UIKit.framework in Frameworks */ = {isa = PBXBuildFile; fileRef = F6931D7415CBB157008FC4F7 /* UIKit.framework */; };
		F6931D7715CBB157008FC4F7 /* Foundation.framework in Frameworks */ = {isa = PBXBuildFile; fileRef = F6931D7615CBB157008FC4F7 /* Foundation.framework */; };
		F6931D7915CBB157008FC4F7 /* CoreGraphics.framework in Frameworks */ = {isa = PBXBuildFile; fileRef = F6931D7815CBB157008FC4F7 /* CoreGraphics.framework */; };
		F6931D7F15CBB157008FC4F7 /* InfoPlist.strings in Resources */ = {isa = PBXBuildFile; fileRef = F6931D7D15CBB157008FC4F7 /* InfoPlist.strings */; };
		F6931D8115CBB157008FC4F7 /* main.m in Sources */ = {isa = PBXBuildFile; fileRef = F6931D8015CBB157008FC4F7 /* main.m */; };
		F6931D8515CBB157008FC4F7 /* AppDelegate.m in Sources */ = {isa = PBXBuildFile; fileRef = F6931D8415CBB157008FC4F7 /* AppDelegate.m */; };
		F6931D8815CBB157008FC4F7 /* MainStoryboard.storyboard in Resources */ = {isa = PBXBuildFile; fileRef = F6931D8615CBB157008FC4F7 /* MainStoryboard.storyboard */; };
		F6931D8B15CBB157008FC4F7 /* ViewController.m in Sources */ = {isa = PBXBuildFile; fileRef = F6931D8A15CBB157008FC4F7 /* ViewController.m */; };
/* End PBXBuildFile section */

/* Begin PBXFileReference section */
		F6931D7015CBB157008FC4F7 /* KivaJSONDemo.app */ = {isa = PBXFileReference; explicitFileType = wrapper.application; includeInIndex = 0; path = KivaJSONDemo.app; sourceTree = BUILT_PRODUCTS_DIR; };
		F6931D7415CBB157008FC4F7 /* UIKit.framework */ = {isa = PBXFileReference; lastKnownFileType = wrapper.framework; name = UIKit.framework; path = System/Library/Frameworks/UIKit.framework; sourceTree = SDKROOT; };
		F6931D7615CBB157008FC4F7 /* Foundation.framework */ = {isa = PBXFileReference; lastKnownFileType = wrapper.framework; name = Foundation.framework; path = System/Library/Frameworks/Foundation.framework; sourceTree = SDKROOT; };
		F6931D7815CBB157008FC4F7 /* CoreGraphics.framework */ = {isa = PBXFileReference; lastKnownFileType = wrapper.framework; name = CoreGraphics.framework; path = System/Library/Frameworks/CoreGraphics.framework; sourceTree = SDKROOT; };
		F6931D7C15CBB157008FC4F7 /* KivaJSONDemo-Info.plist */ = {isa = PBXFileReference; path = "KivaJSONDemo-Info.plist"; sourceTree = "<group>"; };
		F6931D7E15CBB157008FC4F7 /* en */ = {isa = PBXFileReference; lastKnownFileType = text.plist.strings; name = en; path = en.lproj/InfoPlist.strings; sourceTree = "<group>"; };
		F6931D8015CBB157008FC4F7 /* main.m */ = {isa = PBXFileReference; lastKnownFileType = sourcecode.c.objc; path = main.m; sourceTree = "<group>"; };
		F6931D8215CBB157008FC4F7 /* KivaJSONDemo-Prefix.pch */ = {isa = PBXFileReference; path = "KivaJSONDemo-Prefix.pch"; sourceTree = "<group>"; };
		F6931D8315CBB157008FC4F7 /* AppDelegate.h */ = {isa = PBXFileReference; path = AppDelegate.h; sourceTree = "<group>"; };
		F6931D8415CBB157008FC4F7 /* AppDelegate.m */ = {isa = PBXFileReference; lastKnownFileType = sourcecode.c.objc; path = AppDelegate.m; sourceTree = "<group>"; };
		F6931D8715CBB157008FC4F7 /* en */ = {isa = PBXFileReference; lastKnownFileType = file.storyboard; name = en; path = en.lproj/MainStoryboard.storyboard; sourceTree = "<group>"; };
		F6931D8915CBB157008FC4F7 /* ViewController.h */ = {isa = PBXFileReference; path = ViewController.h; sourceTree = "<group>"; };
		F6931D8A15CBB157008FC4F7 /* ViewController.m */ = {isa = PBXFileReference; lastKnownFileType = sourcecode.c.objc; path = ViewController.m; sourceTree = "<group>"; };
/* End PBXFileReference section */

/* Begin PBXFrameworksBuildPhase section */
		F6931D6D15CBB157008FC4F7 /* Frameworks */ = {
			isa = PBXFrameworksBuildPhase;
			buildActionMask = 2147483647;
			files = (
				F6931D7515CBB157008FC4F7 /* UIKit.framework in Frameworks */,
				F6931D7715CBB157008FC4F7 /* Foundation.framework in Frameworks */,
				F6931D7915CBB157008FC4F7 /* CoreGraphics.framework in Frameworks */,
			);
			runOnlyForDeploymentPostprocessing = 0;
		};
/* End PBXFrameworksBuildPhase section */

/* Begin PBXGroup section */
		F6931D6515CBB156008FC4F7 = {
			isa = PBXGroup;
			children = (
				F6931D7A15CBB157008FC4F7 /* KivaJSONDemo */,
				F6931D7315CBB157008FC4F7 /* Frameworks */,
				F6931D7115CBB157008FC4F7 /* Products */,
			);
			sourceTree = "<group>";
		};
		F6931D7115CBB157008FC4F7 /* Products */ = {
			isa = PBXGroup;
			children = (
				F6931D7015CBB157008FC4F7 /* KivaJSONDemo.app */,
			);
			name = Products;
			sourceTree = "<group>";
		};
		F6931D7315CBB157008FC4F7 /* Frameworks */ = {
			isa = PBXGroup;
			children = (
				F6931D7415CBB157008FC4F7 /* UIKit.framework */,
				F6931D7615CBB157008FC4F7 /* Foundation.framework */,
				F6931D7815CBB157008FC4F7 /* CoreGraphics.framework */,
			);
			name = Frameworks;
			sourceTree = "<group>";
		};
		F6931D7A15CBB157008FC4F7 /* KivaJSONDemo */ = {
			isa = PBXGroup;
			children = (
				F6931D8315CBB157008FC4F7 /* AppDelegate.h */,
				F6931D8415CBB157008FC4F7 /* AppDelegate.m */,
				F6931D8615CBB157008FC4F7 /* MainStoryboard.storyboard */,
				F6931D8915CBB157008FC4F7 /* ViewController.h */,
				F6931D8A15CBB157008FC4F7 /* ViewController.m */,
				F6931D7B15CBB157008FC4F7 /* Supporting Files */,
			);
			path = KivaJSONDemo;
			sourceTree = "<group>";
		};
		F6931D7B15CBB157008FC4F7 /* Supporting Files */ = {
			isa = PBXGroup;
			children = (
				F6931D7C15CBB157008FC4F7 /* KivaJSONDemo-Info.plist */,
				F6931D7D15CBB157008FC4F7 /* InfoPlist.strings */,
				F6931D8015CBB157008FC4F7 /* main.m */,
				F6931D8215CBB157008FC4F7 /* KivaJSONDemo-Prefix.pch */,
			);
			name = "Supporting Files";
			sourceTree = "<group>";
		};
/* End PBXGroup section */

/* Begin PBXNativeTarget section */
		F6931D6F15CBB157008FC4F7 /* KivaJSONDemo */ = {
			isa = PBXNativeTarget;
			buildConfigurationList = F6931D8E15CBB157008FC4F7 /* Build configuration list for PBXNativeTarget "KivaJSONDemo" */;
			buildPhases = (
				F6931D6C15CBB157008FC4F7 /* Sources */,
				F6931D6D15CBB157008FC4F7 /* Frameworks */,
				F6931D6E15CBB157008FC4F7 /* Resources */,
			);
			buildRules = (
			);
			dependencies = (
			);
			name = KivaJSONDemo;
			productName = KivaJSONDemo;
			productReference = F6931D7015CBB157008FC4F7 /* KivaJSONDemo.app */;
			productType = "com.apple.product-type.application";
		};
/* End PBXNativeTarget section */

/* Begin PBXProject section */
		F6931D6715CBB157008FC4F7 /* Project object */ = {
			isa = PBXProject;
			attributes = {
				LastUpgradeCheck = 0430;
			};
			buildConfigurationList = F6931D6A15CBB157008FC4F7 /* Build configuration list for PBXProject "KivaJSONDemo" */;
			compatibilityVersion = "Xcode 3.2";
			developmentRegion = English;
			hasScannedForEncodings = 0;
			knownRegions = (
				en,
			);
			mainGroup = F6931D6515CBB156008FC4F7;
			productRefGroup = F6931D7115CBB157008FC4F7 /* Products */;
			projectDirPath = "";
			projectRoot = "";
			targets = (
				F6931D6F15CBB157008FC4F7 /* KivaJSONDemo */,
			);
		};
/* End PBXProject section */

/* Begin PBXResourcesBuildPhase section */
		F6931D6E15CBB157008FC4F7 /* Resources */ = {
			isa = PBXResourcesBuildPhase;
			buildActionMask = 2147483647;
			files = (
				F6931D7F15CBB157008FC4F7 /* InfoPlist.strings in Resources */,
				F6931D8815CBB157008FC4F7 /* MainStoryboard.storyboard in Resources */,
			);
			runOnlyForDeploymentPostprocessing = 0;
		};
/* End PBXResourcesBuildPhase section */

/* Begin PBXSourcesBuildPhase section */
		F6931D6C15CBB157008FC4F7 /* Sources */ = {
			isa = PBXSourcesBuildPhase;
			buildActionMask = 2147483647;
			files = (
				F6931D8115CBB157008FC4F7 /* main.m in Sources */,
				F6931D8515CBB157008FC4F7 /* AppDelegate.m in Sources */,
				F6931D8B15CBB157008FC4F7 /* ViewController.m in Sources */,
			);
			runOnlyForDeploymentPostprocessing = 0;
		};
/* End PBXSourcesBuildPhase section */

/* Begin PBXVariantGroup section */
		F6931D7D15CBB157008FC4F7 /* InfoPlist.strings */ = {
			isa = PBXVariantGroup;
			children = (
				F6931D7E15CBB157008FC4F7 /* en */,
			);
			name = InfoPlist.strings;
			sourceTree = "<group>";
		};
		F6931D8615CBB157008FC4F7 /* MainStoryboard.storyboard */ = {
			isa = PBXVariantGroup;
			children = (
				F6931D8715CBB157008FC4F7 /* en */,
			);
			name = MainStoryboard.storyboard;
			sourceTree = "<group>";
		};
/* End PBXVariantGroup section */

/* Begin XCBuildConfiguration section */
		F6931D8C15CBB157008FC4F7 /* Debug */ = {
			isa = XCBuildConfiguration;
			buildSettings = {
				ALWAYS_SEARCH_USER_PATHS = NO;
				ARCHS = "$(ARCHS_STANDARD_32_BIT)";
				CLANG_ENABLE_OBJC_ARC = YES;
				"CODE_SIGN_IDENTITY[sdk=iphoneos*]" = "iPhone Developer";
				COPY_PHASE_STRIP = NO;
				GCC_C_LANGUAGE_STANDARD = gnu99;
				GCC_DYNAMIC_NO_PIC = NO;
				GCC_OPTIMIZATION_LEVEL = 0;
				GCC_PREPROCESSOR_DEFINITIONS = (
					"DEBUG=1",
					"$(inherited)",
				);
				GCC_SYMBOLS_PRIVATE_EXTERN = NO;
				GCC_VERSION = com.apple.compilers.llvm.clang.1_0;
				GCC_WARN_ABOUT_RETURN_TYPE = YES;
				GCC_WARN_UNINITIALIZED_AUTOS = YES;
				GCC_WARN_UNUSED_VARIABLE = YES;
				IPHONEOS_DEPLOYMENT_TARGET = 5.1;
				SDKROOT = iphoneos;
			};
			name = Debug;
		};
		F6931D8D15CBB157008FC4F7 /* Release */ = {
			isa = XCBuildConfiguration;
			buildSettings = {
				ALWAYS_SEARCH_USER_PATHS = NO;
				ARCHS = "$(ARCHS_STANDARD_32_BIT)";
				CLANG_ENABLE_OBJC_ARC = YES;
				"CODE_SIGN_IDENTITY[sdk=iphoneos*]" = "iPhone Developer";
				COPY_PHASE_STRIP = YES;
				GCC_C_LANGUAGE_STANDARD = gnu99;
				GCC_VERSION = com.apple.compilers.llvm.clang.1_0;
				GCC_WARN_ABOUT_RETURN_TYPE = YES;
				GCC_WARN_UNINITIALIZED_AUTOS = YES;
				GCC_WARN_UNUSED_VARIABLE = YES;
				IPHONEOS_DEPLOYMENT_TARGET = 5.1;
				OTHER_CFLAGS = "-DNS_BLOCK_ASSERTIONS=1";
				SDKROOT = iphoneos;
				VALIDATE_PRODUCT = YES;
			};
			name = Release;
		};
		F6931D8F15CBB157008FC4F7 /* Debug */ = {
			isa = XCBuildConfiguration;
			buildSettings = {
				GCC_PRECOMPILE_PREFIX_HEADER = YES;
				GCC_PREFIX_HEADER = "KivaJSONDemo/KivaJSONDemo-Prefix.pch";
				INFOPLIST_FILE = "KivaJSONDemo/KivaJSONDemo-Info.plist";
				PRODUCT_NAME = "$(TARGET_NAME)";
				WRAPPER_EXTENSION = app;
			};
			name = Debug;
		};
		F6931D9015CBB157008FC4F7 /* Release */ = {
			isa = XCBuildConfiguration;
			buildSettings = {
				GCC_PRECOMPILE_PREFIX_HEADER = YES;
				GCC_PREFIX_HEADER = "KivaJSONDemo/KivaJSONDemo-Prefix.pch";
				INFOPLIST_FILE = "KivaJSONDemo/KivaJSONDemo-Info.plist";
				PRODUCT_NAME = "$(TARGET_NAME)";
				WRAPPER_EXTENSION = app;
			};
			name = Release;
		};
/* End XCBuildConfiguration section */

/* Begin XCConfigurationList section */
		F6931D6A15CBB157008FC4F7 /* Build configuration list for PBXProject "KivaJSONDemo" */ = {
			isa = XCConfigurationList;
			buildConfigurations = (
				F6931D8C15CBB157008FC4F7 /* Debug */,
				F6931D8D15CBB157008FC4F7 /* Release */,
			);
			defaultConfigurationIsVisible = 0;
			defaultConfigurationName = Release;
		};
		F6931D8E15CBB157008FC4F7 /* Build configuration list for PBXNativeTarget "KivaJSONDemo" */ = {
			isa = XCConfigurationList;
			buildConfigurations = (
				F6931D8F15CBB157008FC4F7 /* Debug */,
				F6931D9015CBB157008FC4F7 /* Release */,
			);
			defaultConfigurationIsVisible = 0;
		};
/* End XCConfigurationList section */
	};
	rootObject = F6931D6715CBB157008FC4F7 /* Project object */;
}
